{
    "name": "tsl-core-xml",
    "version": "0.2.0",
    "lockfileVersion": 3,
    "requires": true,
    "dev": true,
    "packages": {
        "": {
            "name": "tsl-core-xml",
            "version": "0.2.0",
            "dev": true,
            "license": "MIT",
            "devDependencies": {
                "@types/node": "~18.6.0",
                "@typescriptlibs/tst": "^0.1.0",
                "husky": "~8.0.3",
                "tsl-core-xml": "./",
                "typescript": "~5.1.6"
            },
            "engines": {
                "node": ">=18.6.0"
            }
        },
        "node_modules/@types/node": {
            "version": "18.6.5",
            "resolved": "https://registry.npmjs.org/@types/node/-/node-18.6.5.tgz",
            "integrity": "sha512-Xjt5ZGUa5WusGZJ4WJPbOT8QOqp6nDynVFRKcUt32bOgvXEoc6o085WNkYTMO7ifAj2isEfQQ2cseE+wT6jsRw==",
            "dev": true
        },
        "node_modules/@typescriptlibs/tst": {
            "version": "0.1.0",
            "resolved": "https://registry.npmjs.org/@typescriptlibs/tst/-/tst-0.1.0.tgz",
            "integrity": "sha512-3rmk4ztNZCseO+1V6wOW7SOWVvvk2HV3M4bcwXZgiOoSvz27r9mXuZ4/a/3PdVauXffBjESMOOBwB3kSYZ/fvw==",
            "dev": true,
            "bin": {
                "tst": "bin/tst.mjs"
            },
            "engines": {
                "node": ">=10.17.0"
            },
            "peerDependencies": {
                "@types/node": ">=10.17.0",
                "typescript": ">=1.6.0"
            }
        },
        "node_modules/husky": {
            "version": "8.0.3",
            "resolved": "https://registry.npmjs.org/husky/-/husky-8.0.3.tgz",
            "integrity": "sha512-+dQSyqPh4x1hlO1swXBiNb2HzTDN1I2IGLQx1GrBuiqFJfoMrnZWwVmatvSiO+Iz8fBUnf+lekwNo4c2LlXItg==",
            "dev": true,
            "bin": {
                "husky": "lib/bin.js"
            },
            "engines": {
                "node": ">=14"
            },
            "funding": {
                "url": "https://github.com/sponsors/typicode"
            }
        },
        "node_modules/tsl-core-xml": {
            "resolved": "",
            "link": true
        },
        "node_modules/typescript": {
            "version": "5.1.6",
            "resolved": "https://registry.npmjs.org/typescript/-/typescript-5.1.6.tgz",
            "integrity": "sha512-zaWCozRZ6DLEWAWFrVDz1H6FVXzUSfTy5FUMWsQlU8Ym5JP9eO4xkTIROFCQvhQf61z6O/G6ugw3SgAnvvm+HA==",
            "dev": true,
            "bin": {
                "tsc": "bin/tsc",
                "tsserver": "bin/tsserver"
            },
            "engines": {
                "node": ">=14.17"
            }
        }
    }
}
